
Microsoft Visual Studio Solution File, Format Version 12.00
# Visual Studio Version 17
VisualStudioVersion = 17.5.33502.453
MinimumVisualStudioVersion = 10.0.40219.1
Project("{8BC9CEB8-8B4A-11D0-8D11-00A0C91BC942}") = "problemMultiWaris", "problemMultiWaris\problemMultiWaris.vcxproj", "{702E589C-7746-4D9B-9CE9-0CACCA2E7AD8}"
EndProject
Project("{8BC9CEB8-8B4A-11D0-8D11-00A0C91BC942}") = "SolveMultiWaris", "SolveMultiWaris\SolveMultiWaris.vcxproj", "{5D434667-4B90-4A1C-8AD9-000D4C5B5D00}"
EndProject
Project("{8BC9CEB8-8B4A-11D0-8D11-00A0C91BC942}") = "Polimorpi", "Polimorpi\Polimorpi.vcxproj", "{977FCB8A-2F28-454C-A531-745589174BB9}"
EndProject
Project("{8BC9CEB8-8B4A-11D0-8D11-00A0C91BC942}") = "noOverriding", "noOverriding\noOverriding.vcxproj", "{D4E1186D-2D68-4A25-9CFB-B6A3E4823423}"
EndProject
Project("{8BC9CEB8-8B4A-11D0-8D11-00A0C91BC942}") = "noPewarisan", "noPewarisan\noPewarisan.vcxproj", "{D6F1CC00-A4A1-410B-8E62-5761E533D6BC}"
EndProject
Project("{8BC9CEB8-8B4A-11D0-8D11-00A0C91BC942}") = "enkapsulasi", "enkapsulasi\enkapsulasi.vcxproj", "{DC2283E8-3D12-4723-B772-59A1A86ED93E}"
EndProject
Project("{8BC9CEB8-8B4A-11D0-8D11-00A0C91BC942}") = "abstraksi", "abstraksi\abstraksi.vcxproj", "{FEEA87B7-D2F1-4E43-B90B-09FCCC9E17FD}"
EndProject
Global
	GlobalSection(SolutionConfigurationPlatforms) = preSolution
		Debug|x64 = Debug|x64
		Debug|x86 = Debug|x86
		Release|x64 = Release|x64
		Release|x86 = Release|x86
	EndGlobalSection
	GlobalSection(ProjectConfigurationPlatforms) = postSolution
		{702E589C-7746-4D9B-9CE9-0CACCA2E7AD8}.Debug|x64.ActiveCfg = Debug|x64
		{702E589C-7746-4D9B-9CE9-0CACCA2E7AD8}.Debug|x64.Build.0 = Debug|x64
		{702E589C-7746-4D9B-9CE9-0CACCA2E7AD8}.Debug|x86.ActiveCfg = Debug|Win32
		{702E589C-7746-4D9B-9CE9-0CACCA2E7AD8}.Debug|x86.Build.0 = Debug|Win32
		{702E589C-7746-4D9B-9CE9-0CACCA2E7AD8}.Release|x64.ActiveCfg = Release|x64
		{702E589C-7746-4D9B-9CE9-0CACCA2E7AD8}.Release|x64.Build.0 = Release|x64
		{702E589C-7746-4D9B-9CE9-0CACCA2E7AD8}.Release|x86.ActiveCfg = Release|Win32
		{702E589C-7746-4D9B-9CE9-0CACCA2E7AD8}.Release|x86.Build.0 = Release|Win32
		{5D434667-4B90-4A1C-8AD9-000D4C5B5D00}.Debug|x64.ActiveCfg = Debug|x64
		{5D434667-4B90-4A1C-8AD9-000D4C5B5D00}.Debug|x64.Build.0 = Debug|x64
		{5D434667-4B90-4A1C-8AD9-000D4C5B5D00}.Debug|x86.ActiveCfg = Debug|Win32
		{5D434667-4B90-4A1C-8AD9-000D4C5B5D00}.Debug|x86.Build.0 = Debug|Win32
		{5D434667-4B90-4A1C-8AD9-000D4C5B5D00}.Release|x64.ActiveCfg = Release|x64
		{5D434667-4B90-4A1C-8AD9-000D4C5B5D00}.Release|x64.Build.0 = Release|x64
		{5D434667-4B90-4A1C-8AD9-000D4C5B5D00}.Release|x86.ActiveCfg = Release|Win32
		{5D434667-4B90-4A1C-8AD9-000D4C5B5D00}.Release|x86.Build.0 = Release|Win32
		{977FCB8A-2F28-454C-A531-745589174BB9}.Debug|x64.ActiveCfg = Debug|x64
		{977FCB8A-2F28-454C-A531-745589174BB9}.Debug|x64.Build.0 = Debug|x64
		{977FCB8A-2F28-454C-A531-745589174BB9}.Debug|x86.ActiveCfg = Debug|Win32
		{977FCB8A-2F28-454C-A531-745589174BB9}.Debug|x86.Build.0 = Debug|Win32
		{977FCB8A-2F28-454C-A531-745589174BB9}.Release|x64.ActiveCfg = Release|x64
		{977FCB8A-2F28-454C-A531-745589174BB9}.Release|x64.Build.0 = Release|x64
		{977FCB8A-2F28-454C-A531-745589174BB9}.Release|x86.ActiveCfg = Release|Win32
		{977FCB8A-2F28-454C-A531-745589174BB9}.Release|x86.Build.0 = Release|Win32
		{D4E1186D-2D68-4A25-9CFB-B6A3E4823423}.Debug|x64.ActiveCfg = Debug|x64
		{D4E1186D-2D68-4A25-9CFB-B6A3E4823423}.Debug|x64.Build.0 = Debug|x64
		{D4E1186D-2D68-4A25-9CFB-B6A3E4823423}.Debug|x86.ActiveCfg = Debug|Win32
		{D4E1186D-2D68-4A25-9CFB-B6A3E4823423}.Debug|x86.Build.0 = Debug|Win32
		{D4E1186D-2D68-4A25-9CFB-B6A3E4823423}.Release|x64.ActiveCfg = Release|x64
		{D4E1186D-2D68-4A25-9CFB-B6A3E4823423}.Release|x64.Build.0 = Release|x64
		{D4E1186D-2D68-4A25-9CFB-B6A3E4823423}.Release|x86.ActiveCfg = Release|Win32
		{D4E1186D-2D68-4A25-9CFB-B6A3E4823423}.Release|x86.Build.0 = Release|Win32
		{D6F1CC00-A4A1-410B-8E62-5761E533D6BC}.Debug|x64.ActiveCfg = Debug|x64
		{D6F1CC00-A4A1-410B-8E62-5761E533D6BC}.Debug|x64.Build.0 = Debug|x64
		{D6F1CC00-A4A1-410B-8E62-5761E533D6BC}.Debug|x86.ActiveCfg = Debug|Win32
		{D6F1CC00-A4A1-410B-8E62-5761E533D6BC}.Debug|x86.Build.0 = Debug|Win32
		{D6F1CC00-A4A1-410B-8E62-5761E533D6BC}.Release|x64.ActiveCfg = Release|x64
		{D6F1CC00-A4A1-410B-8E62-5761E533D6BC}.Release|x64.Build.0 = Release|x64
		{D6F1CC00-A4A1-410B-8E62-5761E533D6BC}.Release|x86.ActiveCfg = Release|Win32
		{D6F1CC00-A4A1-410B-8E62-5761E533D6BC}.Release|x86.Build.0 = Release|Win32
		{DC2283E8-3D12-4723-B772-59A1A86ED93E}.Debug|x64.ActiveCfg = Debug|x64
		{DC2283E8-3D12-4723-B772-59A1A86ED93E}.Debug|x64.Build.0 = Debug|x64
		{DC2283E8-3D12-4723-B772-59A1A86ED93E}.Debug|x86.ActiveCfg = Debug|Win32
		{DC2283E8-3D12-4723-B772-59A1A86ED93E}.Debug|x86.Build.0 = Debug|Win32
		{DC2283E8-3D12-4723-B772-59A1A86ED93E}.Release|x64.ActiveCfg = Release|x64
		{DC2283E8-3D12-4723-B772-59A1A86ED93E}.Release|x64.Build.0 = Release|x64
		{DC2283E8-3D12-4723-B772-59A1A86ED93E}.Release|x86.ActiveCfg = Release|Win32
		{DC2283E8-3D12-4723-B772-59A1A86ED93E}.Release|x86.Build.0 = Release|Win32
		{FEEA87B7-D2F1-4E43-B90B-09FCCC9E17FD}.Debug|x64.ActiveCfg = Debug|x64
		{FEEA87B7-D2F1-4E43-B90B-09FCCC9E17FD}.Debug|x64.Build.0 = Debug|x64
		{FEEA87B7-D2F1-4E43-B90B-09FCCC9E17FD}.Debug|x86.ActiveCfg = Debug|Win32
		{FEEA87B7-D2F1-4E43-B90B-09FCCC9E17FD}.Debug|x86.Build.0 = Debug|Win32
		{FEEA87B7-D2F1-4E43-B90B-09FCCC9E17FD}.Release|x64.ActiveCfg = Release|x64
		{FEEA87B7-D2F1-4E43-B90B-09FCCC9E17FD}.Release|x64.Build.0 = Release|x64
		{FEEA87B7-D2F1-4E43-B90B-09FCCC9E17FD}.Release|x86.ActiveCfg = Release|Win32
		{FEEA87B7-D2F1-4E43-B90B-09FCCC9E17FD}.Release|x86.Build.0 = Release|Win32
	EndGlobalSection
	GlobalSection(SolutionProperties) = preSolution
		HideSolutionNode = FALSE
	EndGlobalSection
	GlobalSection(ExtensibilityGlobals) = postSolution
		SolutionGuid = {B6BD3099-E67A-46F0-9110-484C1C253881}
	EndGlobalSection
EndGlobal
